
Microsoft Visual Studio Solution File, Format Version 12.00
# Visual Studio 15
VisualStudioVersion = 15.0.28307.572
MinimumVisualStudioVersion = 10.0.40219.1
Project("{FAE04EC0-301F-11D3-BF4B-00C04F79EFBC}") = "Lesson7App1", "Lesson7App1\Lesson7App1.csproj", "{684321B8-DB95-4086-AB3D-BEB633DE1C74}"
EndProject
Global
	GlobalSection(SolutionConfigurationPlatforms) = preSolution
		Debug|Any CPU = Debug|Any CPU
		Release|Any CPU = Release|Any CPU
	EndGlobalSection
	GlobalSection(ProjectConfigurationPlatforms) = postSolution
		{684321B8-DB95-4086-AB3D-BEB633DE1C74}.Debug|Any CPU.ActiveCfg = Debug|Any CPU
		{684321B8-DB95-4086-AB3D-BEB633DE1C74}.Debug|Any CPU.Build.0 = Debug|Any CPU
		{684321B8-DB95-4086-AB3D-BEB633DE1C74}.Release|Any CPU.ActiveCfg = Release|Any CPU
		{684321B8-DB95-4086-AB3D-BEB633DE1C74}.Release|Any CPU.Build.0 = Release|Any CPU
	EndGlobalSection
	GlobalSection(SolutionProperties) = preSolution
		HideSolutionNode = FALSE
	EndGlobalSection
	GlobalSection(ExtensibilityGlobals) = postSolution
		SolutionGuid = {5176C513-4509-4F0A-9578-F7BF1C495BD5}
	EndGlobalSection
EndGlobal
